<Solution>
  <Folder Name="/Maanfee.Examples/" />
  <Folder Name="/Maanfee.Examples/Clients/">
    <Project Path="Maanfee.Examples/Clients/BlazorClient/BlazorClient.Client/BlazorClient.Client.csproj" />
    <Project Path="Maanfee.Examples/Clients/BlazorClient/BlazorClient/BlazorClient.csproj" />
    <Project Path="Maanfee.Examples/Clients/ConsoleClient/ConsoleClient.csproj" />
    <Project Path="Maanfee.Examples/Clients/WebAPIClient/WebAPIClient.csproj" />
  </Folder>
  <Folder Name="/Maanfee.Examples/Servers/">
    <Project Path="Maanfee.Examples/Servers/BlazorServer/BlazorServer.Client/BlazorServer.Client.csproj" Id="f412a5b3-e22f-4498-8730-78be920940aa" />
    <Project Path="Maanfee.Examples/Servers/BlazorServer/BlazorServer/BlazorServer.csproj" Id="2b133ff6-c9dc-470c-a09b-6958929a265c" />
    <Project Path="Maanfee.Examples/Servers/ConsoleServer/ConsoleServer.csproj" />
    <Project Path="Maanfee.Examples/Servers/WebAPIServer/WebAPIServer.csproj" />
  </Folder>
  <Folder Name="/Solution Items/">
    <File Path="README.md" />
  </Folder>
  <Project Path="Maanfee.WebSocket/Maanfee.WebSocket.csproj" />
</Solution>
